
Microsoft Visual Studio Solution File, Format Version 12.00
# Visual Studio Version 17
VisualStudioVersion = 17.10.35013.160
MinimumVisualStudioVersion = 10.0.40219.1
Project("{FAE04EC0-301F-11D3-BF4B-00C04F79EFBC}") = "Project1_2", "Project1_2\Project1_2.csproj", "{FA5D61C9-63AF-4FBF-BFB4-74E2747A201D}"
EndProject
Global
	GlobalSection(SolutionConfigurationPlatforms) = preSolution
		Debug|Any CPU = Debug|Any CPU
		Release|Any CPU = Release|Any CPU
	EndGlobalSection
	GlobalSection(ProjectConfigurationPlatforms) = postSolution
		{FA5D61C9-63AF-4FBF-BFB4-74E2747A201D}.Debug|Any CPU.ActiveCfg = Debug|Any CPU
		{FA5D61C9-63AF-4FBF-BFB4-74E2747A201D}.Debug|Any CPU.Build.0 = Debug|Any CPU
		{FA5D61C9-63AF-4FBF-BFB4-74E2747A201D}.Release|Any CPU.ActiveCfg = Release|Any CPU
		{FA5D61C9-63AF-4FBF-BFB4-74E2747A201D}.Release|Any CPU.Build.0 = Release|Any CPU
	EndGlobalSection
	GlobalSection(SolutionProperties) = preSolution
		HideSolutionNode = FALSE
	EndGlobalSection
	GlobalSection(ExtensibilityGlobals) = postSolution
		SolutionGuid = {A0114F17-D809-436F-870A-FA283C516D2C}
	EndGlobalSection
EndGlobal
